
Microsoft Visual Studio Solution File, Format Version 12.00
# Visual Studio Version 16
VisualStudioVersion = 16.0.31112.23
MinimumVisualStudioVersion = 10.0.40219.1
Project("{FAE04EC0-301F-11D3-BF4B-00C04F79EFBC}") = "modMaker", "modMaker\modMaker.csproj", "{D281F48B-2E4D-4B45-8515-5F320AA96A05}"
EndProject
Global
	GlobalSection(SolutionConfigurationPlatforms) = preSolution
		Debug|Any CPU = Debug|Any CPU
		Release|Any CPU = Release|Any CPU
	EndGlobalSection
	GlobalSection(ProjectConfigurationPlatforms) = postSolution
		{D281F48B-2E4D-4B45-8515-5F320AA96A05}.Debug|Any CPU.ActiveCfg = Debug|Any CPU
		{D281F48B-2E4D-4B45-8515-5F320AA96A05}.Debug|Any CPU.Build.0 = Debug|Any CPU
		{D281F48B-2E4D-4B45-8515-5F320AA96A05}.Release|Any CPU.ActiveCfg = Release|Any CPU
		{D281F48B-2E4D-4B45-8515-5F320AA96A05}.Release|Any CPU.Build.0 = Release|Any CPU
	EndGlobalSection
	GlobalSection(SolutionProperties) = preSolution
		HideSolutionNode = FALSE
	EndGlobalSection
	GlobalSection(ExtensibilityGlobals) = postSolution
		SolutionGuid = {9973D598-D971-4A72-9187-78709FD6BC74}
	EndGlobalSection
EndGlobal
